#MicroXplorer Configuration settings - do not modify
ADC1.Channel-0\#ChannelRegularConversion=ADC_CHANNEL_3
ADC1.Channel-1\#ChannelRegularConversion=ADC_CHANNEL_6
ADC1.Channel-2\#ChannelRegularConversion=ADC_CHANNEL_8
ADC1.Channel-3\#ChannelRegularConversion=ADC_CHANNEL_9
ADC1.ContinuousConvMode=ENABLE
ADC1.DMAContinuousRequests=ENABLE
ADC1.DiscontinuousConvMode=DISABLE
ADC1.IPParameters=Rank-0\#ChannelRegularConversion,master,Channel-0\#ChannelRegularConversion,SamplingTime-0\#ChannelRegularConversion,NbrOfConversionFlag,ScanConvMode,DiscontinuousConvMode,ContinuousConvMode,Rank-1\#ChannelRegularConversion,Channel-1\#ChannelRegularConversion,SamplingTime-1\#ChannelRegularConversion,Rank-2\#ChannelRegularConversion,Channel-2\#ChannelRegularConversion,SamplingTime-2\#ChannelRegularConversion,Rank-3\#ChannelRegularConversion,Channel-3\#ChannelRegularConversion,SamplingTime-3\#ChannelRegularConversion,NbrOfConversion,DMAContinuousRequests
ADC1.NbrOfConversion=4
ADC1.NbrOfConversionFlag=1
ADC1.Rank-0\#ChannelRegularConversion=1
ADC1.Rank-1\#ChannelRegularConversion=2
ADC1.Rank-2\#ChannelRegularConversion=3
ADC1.Rank-3\#ChannelRegularConversion=4
ADC1.SamplingTime-0\#ChannelRegularConversion=ADC_SAMPLETIME_56CYCLES
ADC1.SamplingTime-1\#ChannelRegularConversion=ADC_SAMPLETIME_56CYCLES
ADC1.SamplingTime-2\#ChannelRegularConversion=ADC_SAMPLETIME_56CYCLES
ADC1.SamplingTime-3\#ChannelRegularConversion=ADC_SAMPLETIME_56CYCLES
ADC1.ScanConvMode=ENABLE
ADC1.master=1
ADC3.Channel-0\#ChannelRegularConversion=ADC_CHANNEL_0
ADC3.Channel-1\#ChannelRegularConversion=ADC_CHANNEL_5
ADC3.Channel-2\#ChannelRegularConversion=ADC_CHANNEL_6
ADC3.Channel-3\#ChannelRegularConversion=ADC_CHANNEL_7
ADC3.ContinuousConvMode=ENABLE
ADC3.DMAContinuousRequests=ENABLE
ADC3.IPParameters=Rank-0\#ChannelRegularConversion,Channel-0\#ChannelRegularConversion,SamplingTime-0\#ChannelRegularConversion,NbrOfConversionFlag,ScanConvMode,Rank-1\#ChannelRegularConversion,Channel-1\#ChannelRegularConversion,SamplingTime-1\#ChannelRegularConversion,Rank-2\#ChannelRegularConversion,Channel-2\#ChannelRegularConversion,SamplingTime-2\#ChannelRegularConversion,Rank-3\#ChannelRegularConversion,Channel-3\#ChannelRegularConversion,SamplingTime-3\#ChannelRegularConversion,NbrOfConversion,ContinuousConvMode,DMAContinuousRequests
ADC3.NbrOfConversion=4
ADC3.NbrOfConversionFlag=1
ADC3.Rank-0\#ChannelRegularConversion=1
ADC3.Rank-1\#ChannelRegularConversion=2
ADC3.Rank-2\#ChannelRegularConversion=3
ADC3.Rank-3\#ChannelRegularConversion=4
ADC3.SamplingTime-0\#ChannelRegularConversion=ADC_SAMPLETIME_56CYCLES
ADC3.SamplingTime-1\#ChannelRegularConversion=ADC_SAMPLETIME_56CYCLES
ADC3.SamplingTime-2\#ChannelRegularConversion=ADC_SAMPLETIME_56CYCLES
ADC3.SamplingTime-3\#ChannelRegularConversion=ADC_SAMPLETIME_56CYCLES
ADC3.ScanConvMode=ENABLE
CAD.formats=
CAD.pinconfig=
CAD.provider=
Dma.ADC1.0.Direction=DMA_PERIPH_TO_MEMORY
Dma.ADC1.0.FIFOMode=DMA_FIFOMODE_DISABLE
Dma.ADC1.0.Instance=DMA2_Stream0
Dma.ADC1.0.MemDataAlignment=DMA_MDATAALIGN_HALFWORD
Dma.ADC1.0.MemInc=DMA_MINC_ENABLE
Dma.ADC1.0.Mode=DMA_CIRCULAR
Dma.ADC1.0.PeriphDataAlignment=DMA_PDATAALIGN_HALFWORD
Dma.ADC1.0.PeriphInc=DMA_PINC_DISABLE
Dma.ADC1.0.Priority=DMA_PRIORITY_MEDIUM
Dma.ADC1.0.RequestParameters=Instance,Direction,PeriphInc,MemInc,PeriphDataAlignment,MemDataAlignment,Mode,Priority,FIFOMode
Dma.ADC3.1.Direction=DMA_PERIPH_TO_MEMORY
Dma.ADC3.1.FIFOMode=DMA_FIFOMODE_DISABLE
Dma.ADC3.1.Instance=DMA2_Stream1
Dma.ADC3.1.MemDataAlignment=DMA_MDATAALIGN_HALFWORD
Dma.ADC3.1.MemInc=DMA_MINC_ENABLE
Dma.ADC3.1.Mode=DMA_CIRCULAR
Dma.ADC3.1.PeriphDataAlignment=DMA_PDATAALIGN_HALFWORD
Dma.ADC3.1.PeriphInc=DMA_PINC_DISABLE
Dma.ADC3.1.Priority=DMA_PRIORITY_MEDIUM
Dma.ADC3.1.RequestParameters=Instance,Direction,PeriphInc,MemInc,PeriphDataAlignment,MemDataAlignment,Mode,Priority,FIFOMode
Dma.Request0=ADC1
Dma.Request1=ADC3
Dma.RequestsNb=2
FREERTOS.FootprintOK=true
FREERTOS.IPParameters=Tasks01,configENABLE_FPU,configRECORD_STACK_HIGH_ADDRESS,configGENERATE_RUN_TIME_STATS,configUSE_STATS_FORMATTING_FUNCTIONS,FootprintOK
FREERTOS.Tasks01=MonitorTask,8,512,StartMonitorTask,As weak,NULL,Dynamic,NULL,NULL;MotorCtrlTask,40,512,StartMotorCtrlTask,As weak,NULL,Dynamic,NULL,NULL
FREERTOS.configENABLE_FPU=1
FREERTOS.configGENERATE_RUN_TIME_STATS=1
FREERTOS.configRECORD_STACK_HIGH_ADDRESS=1
FREERTOS.configUSE_STATS_FORMATTING_FUNCTIONS=1
File.Version=6
GPIO.groupedBy=Group By Peripherals
KeepUserPlacement=false
Mcu.CPN=STM32F407IGT6
Mcu.Family=STM32F4
Mcu.IP0=ADC1
Mcu.IP1=ADC3
Mcu.IP2=DMA
Mcu.IP3=FREERTOS
Mcu.IP4=NVIC
Mcu.IP5=RCC
Mcu.IP6=SYS
Mcu.IP7=TIM1
Mcu.IP8=TIM5
Mcu.IP9=USART1
Mcu.IPNb=10
Mcu.Name=STM32F407I(E-G)Tx
Mcu.Package=LQFP176
Mcu.Pin0=PE3
Mcu.Pin1=PE4
Mcu.Pin10=PA3
Mcu.Pin11=PA6
Mcu.Pin12=PB0
Mcu.Pin13=PB1
Mcu.Pin14=PG0
Mcu.Pin15=PH10
Mcu.Pin16=PH11
Mcu.Pin17=PH12
Mcu.Pin18=PB13
Mcu.Pin19=PB14
Mcu.Pin2=PF7
Mcu.Pin20=PB15
Mcu.Pin21=PD14
Mcu.Pin22=PA8
Mcu.Pin23=PA9
Mcu.Pin24=PA10
Mcu.Pin25=PA13
Mcu.Pin26=PA14
Mcu.Pin27=PD0
Mcu.Pin28=PD4
Mcu.Pin29=PB6
Mcu.Pin3=PF8
Mcu.Pin30=PB7
Mcu.Pin31=VP_FREERTOS_VS_CMSIS_V2
Mcu.Pin32=VP_SYS_VS_tim4
Mcu.Pin33=VP_TIM1_VS_ClockSourceINT
Mcu.Pin34=VP_TIM5_VS_ClockSourceINT
Mcu.Pin4=PF9
Mcu.Pin5=PF10
Mcu.Pin6=PH0-OSC_IN
Mcu.Pin7=PH1-OSC_OUT
Mcu.Pin8=PA0-WKUP
Mcu.Pin9=PH2
Mcu.PinsNb=35
Mcu.ThirdPartyNb=0
Mcu.UserConstants=
Mcu.UserName=STM32F407IGTx
MxCube.Version=6.17.0
MxDb.Version=DB.6.0.170
NVIC.BusFault_IRQn=true\:0\:0\:false\:false\:true\:false\:false\:false\:false
NVIC.DMA2_Stream0_IRQn=true\:5\:0\:false\:false\:true\:true\:false\:true\:true
NVIC.DMA2_Stream1_IRQn=true\:5\:0\:false\:false\:true\:true\:false\:true\:true
NVIC.DebugMonitor_IRQn=true\:0\:0\:false\:false\:true\:false\:false\:false\:false
NVIC.EXTI15_10_IRQn=true\:5\:0\:false\:false\:true\:true\:true\:true\:true
NVIC.EXTI2_IRQn=true\:5\:0\:false\:false\:true\:true\:true\:true\:true
NVIC.EXTI3_IRQn=true\:5\:0\:false\:false\:true\:true\:true\:true\:true
NVIC.EXTI4_IRQn=true\:5\:0\:false\:false\:true\:true\:true\:true\:true
NVIC.ForceEnableDMAVector=true
NVIC.HardFault_IRQn=true\:0\:0\:false\:false\:true\:false\:false\:false\:false
NVIC.MemoryManagement_IRQn=true\:0\:0\:false\:false\:true\:false\:false\:false\:false
NVIC.NonMaskableInt_IRQn=true\:0\:0\:false\:false\:true\:false\:false\:false\:false
NVIC.PendSV_IRQn=true\:15\:0\:false\:false\:false\:true\:false\:false\:false
NVIC.PriorityGroup=NVIC_PRIORITYGROUP_4
NVIC.SVCall_IRQn=true\:0\:0\:false\:false\:false\:false\:false\:false\:false
NVIC.SavedPendsvIrqHandlerGenerated=true
NVIC.SavedSvcallIrqHandlerGenerated=true
NVIC.SavedSystickIrqHandlerGenerated=true
NVIC.SysTick_IRQn=true\:15\:0\:false\:false\:false\:true\:false\:true\:false
NVIC.TIM1_UP_TIM10_IRQn=true\:5\:0\:false\:false\:true\:true\:true\:true\:true
NVIC.TIM4_IRQn=true\:15\:0\:false\:false\:true\:false\:false\:true\:true
NVIC.TimeBase=TIM4_IRQn
NVIC.TimeBaseIP=TIM4
NVIC.UsageFault_IRQn=true\:0\:0\:false\:false\:true\:false\:false\:false\:false
PA0-WKUP.GPIOParameters=GPIO_Label
PA0-WKUP.GPIO_Label=VTEMP
PA0-WKUP.Locked=true
PA0-WKUP.Signal=ADCx_IN0
PA10.GPIOParameters=GPIO_Speed
PA10.GPIO_Speed=GPIO_SPEED_FREQ_VERY_HIGH
PA10.Locked=true
PA10.Signal=S_TIM1_CH3
PA13.Mode=Serial_Wire
PA13.Signal=SYS_JTMS-SWDIO
PA14.Mode=Serial_Wire
PA14.Signal=SYS_JTCK-SWCLK
PA3.GPIOParameters=GPIO_Label
PA3.GPIO_Label=AMP_IW
PA3.Locked=true
PA3.Signal=ADCx_IN3
PA6.GPIOParameters=GPIO_Label
PA6.GPIO_Label=AMP_IV
PA6.Locked=true
PA6.Signal=ADCx_IN6
PA8.GPIOParameters=GPIO_Speed
PA8.GPIO_Speed=GPIO_SPEED_FREQ_VERY_HIGH
PA8.Locked=true
PA8.Signal=S_TIM1_CH1
PA9.GPIOParameters=GPIO_Speed
PA9.GPIO_Speed=GPIO_SPEED_FREQ_VERY_HIGH
PA9.Locked=true
PA9.Signal=S_TIM1_CH2
PB0.GPIOParameters=GPIO_Label
PB0.GPIO_Label=AMP_IU
PB0.Locked=true
PB0.Signal=ADCx_IN8
PB1.GPIOParameters=GPIO_Label
PB1.GPIO_Label=VBUS
PB1.Locked=true
PB1.Signal=ADCx_IN9
PB13.GPIOParameters=GPIO_Speed,PinState,GPIO_PuPd,GPIO_Label
PB13.GPIO_Label=PWM_UL
PB13.GPIO_PuPd=GPIO_NOPULL
PB13.GPIO_Speed=GPIO_SPEED_FREQ_VERY_HIGH
PB13.Locked=true
PB13.PinState=GPIO_PIN_RESET
PB13.Signal=GPIO_Output
PB14.GPIOParameters=GPIO_Speed,GPIO_Label
PB14.GPIO_Label=PWM_VL
PB14.GPIO_Speed=GPIO_SPEED_FREQ_VERY_HIGH
PB14.Locked=true
PB14.Signal=GPIO_Output
PB15.GPIOParameters=GPIO_Speed,GPIO_Label
PB15.GPIO_Label=PWM_WL
PB15.GPIO_Speed=GPIO_SPEED_FREQ_VERY_HIGH
PB15.Locked=true
PB15.Signal=GPIO_Output
PB6.Locked=true
PB6.Mode=Asynchronous
PB6.Signal=USART1_TX
PB7.Locked=true
PB7.Mode=Asynchronous
PB7.Signal=USART1_RX
PCC.Checker=false
PCC.Display=Plot\: All Steps
PCC.Line=STM32F407/417
PCC.MCU=STM32F407I(E-G)Tx
PCC.PartNumber=STM32F407IGTx
PCC.Series=STM32F4
PCC.Temperature=25
PCC.Vdd=3.3
PD0.GPIOParameters=GPIO_Speed,PinState,GPIO_PuPd,GPIO_Label,GPIO_ModeDefaultOutputPP
PD0.GPIO_Label=OLED_SDA
PD0.GPIO_ModeDefaultOutputPP=GPIO_MODE_OUTPUT_OD
PD0.GPIO_PuPd=GPIO_NOPULL
PD0.GPIO_Speed=GPIO_SPEED_FREQ_VERY_HIGH
PD0.Locked=true
PD0.PinState=GPIO_PIN_SET
PD0.Signal=GPIO_Output
PD14.GPIOParameters=GPIO_Speed,PinState,GPIO_PuPd,GPIO_Label,GPIO_ModeDefaultOutputPP
PD14.GPIO_Label=OLED_SCL
PD14.GPIO_ModeDefaultOutputPP=GPIO_MODE_OUTPUT_OD
PD14.GPIO_PuPd=GPIO_NOPULL
PD14.GPIO_Speed=GPIO_SPEED_FREQ_VERY_HIGH
PD14.Locked=true
PD14.PinState=GPIO_PIN_SET
PD14.Signal=GPIO_Output
PD4.GPIOParameters=GPIO_Speed,PinState,GPIO_PuPd,GPIO_Label,GPIO_ModeDefaultOutputPP
PD4.GPIO_Label=OLED_VCC
PD4.GPIO_ModeDefaultOutputPP=GPIO_MODE_OUTPUT_PP
PD4.GPIO_PuPd=GPIO_PULLUP
PD4.GPIO_Speed=GPIO_SPEED_FREQ_LOW
PD4.Locked=true
PD4.PinState=GPIO_PIN_SET
PD4.Signal=GPIO_Output
PE3.GPIOParameters=GPIO_PuPd,GPIO_Label,GPIO_ModeDefaultEXTI
PE3.GPIO_Label=KEY1
PE3.GPIO_ModeDefaultEXTI=GPIO_MODE_IT_FALLING
PE3.GPIO_PuPd=GPIO_PULLUP
PE3.Locked=true
PE3.Signal=GPXTI3
PE4.GPIOParameters=GPIO_PuPd,GPIO_Label,GPIO_ModeDefaultEXTI
PE4.GPIO_Label=KEY2
PE4.GPIO_ModeDefaultEXTI=GPIO_MODE_IT_FALLING
PE4.GPIO_PuPd=GPIO_PULLUP
PE4.Locked=true
PE4.Signal=GPXTI4
PF10.GPIOParameters=GPIO_Speed,PinState,GPIO_Label
PF10.GPIO_Label=CTRL_SD
PF10.GPIO_Speed=GPIO_SPEED_FREQ_VERY_HIGH
PF10.Locked=true
PF10.PinState=GPIO_PIN_SET
PF10.Signal=GPIO_Output
PF7.GPIOParameters=GPIO_Label
PF7.GPIO_Label=BEMF_W
PF7.Locked=true
PF7.Mode=IN5
PF7.Signal=ADC3_IN5
PF8.GPIOParameters=GPIO_Label
PF8.GPIO_Label=BEMF_V
PF8.Locked=true
PF8.Mode=IN6
PF8.Signal=ADC3_IN6
PF9.GPIOParameters=GPIO_Label
PF9.GPIO_Label=BEMF_U
PF9.Locked=true
PF9.Mode=IN7
PF9.Signal=ADC3_IN7
PG0.GPIOParameters=GPIO_Speed,GPIO_PuPd,GPIO_Label,GPIO_ModeDefaultOutputPP
PG0.GPIO_Label=OLED_GND
PG0.GPIO_ModeDefaultOutputPP=GPIO_MODE_OUTPUT_OD
PG0.GPIO_PuPd=GPIO_NOPULL
PG0.GPIO_Speed=GPIO_SPEED_FREQ_LOW
PG0.Locked=true
PG0.Signal=GPIO_Output
PH0-OSC_IN.Mode=HSE-External-Oscillator
PH0-OSC_IN.Signal=RCC_OSC_IN
PH1-OSC_OUT.Mode=HSE-External-Oscillator
PH1-OSC_OUT.Signal=RCC_OSC_OUT
PH10.GPIOParameters=GPIO_PuPd,GPIO_Label,GPIO_ModeDefaultEXTI
PH10.GPIO_Label=HALLU
PH10.GPIO_ModeDefaultEXTI=GPIO_MODE_IT_RISING_FALLING
PH10.GPIO_PuPd=GPIO_PULLUP
PH10.Locked=true
PH10.Signal=GPXTI10
PH11.GPIOParameters=GPIO_PuPd,GPIO_Label,GPIO_ModeDefaultEXTI
PH11.GPIO_Label=HALLV
PH11.GPIO_ModeDefaultEXTI=GPIO_MODE_IT_RISING_FALLING
PH11.GPIO_PuPd=GPIO_PULLUP
PH11.Locked=true
PH11.Signal=GPXTI11
PH12.GPIOParameters=GPIO_PuPd,GPIO_Label,GPIO_ModeDefaultEXTI
PH12.GPIO_Label=HALLW
PH12.GPIO_ModeDefaultEXTI=GPIO_MODE_IT_RISING_FALLING
PH12.GPIO_PuPd=GPIO_PULLUP
PH12.Locked=true
PH12.Signal=GPXTI12
PH2.Locked=true
PH2.Signal=GPXTI2
PinOutPanel.RotationAngle=0
ProjectManager.AskForMigrate=true
ProjectManager.BackupPrevious=false
ProjectManager.CompilerLinker=GCC
ProjectManager.CompilerOptimize=6
ProjectManager.ComputerToolchain=false
ProjectManager.CoupleFile=true
ProjectManager.CustomerFirmwarePackage=
ProjectManager.DefaultFWLocation=true
ProjectManager.DeletePrevious=true
ProjectManager.DeviceId=STM32F407IGTx
ProjectManager.FirmwarePackage=STM32Cube FW_F4 V1.28.3
ProjectManager.FreePins=false
ProjectManager.FreePinsContext=
ProjectManager.HalAssertFull=false
ProjectManager.HeapSize=0x200
ProjectManager.KeepUserCode=true
ProjectManager.LastFirmware=true
ProjectManager.LibraryCopy=1
ProjectManager.MainLocation=Core/Src
ProjectManager.NoMain=false
ProjectManager.PreviousToolchain=
ProjectManager.ProjectBuild=false
ProjectManager.ProjectFileName=config.ioc
ProjectManager.ProjectName=config
ProjectManager.ProjectStructure=
ProjectManager.RegisterCallBack=
ProjectManager.StackSize=0x400
ProjectManager.TargetToolchain=CMake
ProjectManager.ToolChainLocation=
ProjectManager.UAScriptAfterPath=
ProjectManager.UAScriptBeforePath=
ProjectManager.UnderRoot=false
ProjectManager.functionlistsort=1-SystemClock_Config-RCC-false-HAL-false,2-MX_GPIO_Init-GPIO-false-HAL-true,3-MX_DMA_Init-DMA-false-HAL-true,4-MX_USART1_UART_Init-USART1-false-HAL-true,5-MX_ADC1_Init-ADC1-false-HAL-true,6-MX_ADC3_Init-ADC3-false-HAL-true,7-MX_TIM1_Init-TIM1-false-HAL-true,8-MX_TIM5_Init-TIM5-false-HAL-true
RCC.48MHZClocksFreq_Value=84000000
RCC.AHBFreq_Value=168000000
RCC.APB1CLKDivider=RCC_HCLK_DIV4
RCC.APB1Freq_Value=42000000
RCC.APB1TimFreq_Value=84000000
RCC.APB2CLKDivider=RCC_HCLK_DIV2
RCC.APB2Freq_Value=84000000
RCC.APB2TimFreq_Value=168000000
RCC.CortexFreq_Value=168000000
RCC.EthernetFreq_Value=168000000
RCC.FCLKCortexFreq_Value=168000000
RCC.FamilyName=M
RCC.HCLKFreq_Value=168000000
RCC.HSE_VALUE=8000000
RCC.HSI_VALUE=16000000
RCC.I2SClocksFreq_Value=192000000
RCC.IPParameters=48MHZClocksFreq_Value,AHBFreq_Value,APB1CLKDivider,APB1Freq_Value,APB1TimFreq_Value,APB2CLKDivider,APB2Freq_Value,APB2TimFreq_Value,CortexFreq_Value,EthernetFreq_Value,FCLKCortexFreq_Value,FamilyName,HCLKFreq_Value,HSE_VALUE,HSI_VALUE,I2SClocksFreq_Value,LSE_VALUE,LSI_VALUE,MCO2PinFreq_Value,PLLCLKFreq_Value,PLLM,PLLN,PLLQCLKFreq_Value,PLLSourceVirtual,RTCFreq_Value,RTCHSEDivFreq_Value,SYSCLKFreq_VALUE,SYSCLKSource,VCOI2SOutputFreq_Value,VCOInputFreq_Value,VCOOutputFreq_Value,VcooutputI2S
RCC.LSE_VALUE=32768
RCC.LSI_VALUE=32000
RCC.MCO2PinFreq_Value=168000000
RCC.PLLCLKFreq_Value=168000000
RCC.PLLM=4
RCC.PLLN=168
RCC.PLLQCLKFreq_Value=84000000
RCC.PLLSourceVirtual=RCC_PLLSOURCE_HSE
RCC.RTCFreq_Value=32000
RCC.RTCHSEDivFreq_Value=4000000
RCC.SYSCLKFreq_VALUE=168000000
RCC.SYSCLKSource=RCC_SYSCLKSOURCE_PLLCLK
RCC.VCOI2SOutputFreq_Value=384000000
RCC.VCOInputFreq_Value=2000000
RCC.VCOOutputFreq_Value=336000000
RCC.VcooutputI2S=192000000
SH.ADCx_IN0.0=ADC3_IN0,IN0
SH.ADCx_IN0.ConfNb=1
SH.ADCx_IN3.0=ADC1_IN3,IN3
SH.ADCx_IN3.ConfNb=1
SH.ADCx_IN6.0=ADC1_IN6,IN6
SH.ADCx_IN6.ConfNb=1
SH.ADCx_IN8.0=ADC1_IN8,IN8
SH.ADCx_IN8.ConfNb=1
SH.ADCx_IN9.0=ADC1_IN9,IN9
SH.ADCx_IN9.ConfNb=1
SH.GPXTI10.0=GPIO_EXTI10
SH.GPXTI10.ConfNb=1
SH.GPXTI11.0=GPIO_EXTI11
SH.GPXTI11.ConfNb=1
SH.GPXTI12.0=GPIO_EXTI12
SH.GPXTI12.ConfNb=1
SH.GPXTI2.0=GPIO_EXTI2
SH.GPXTI2.ConfNb=1
SH.GPXTI3.0=GPIO_EXTI3
SH.GPXTI3.ConfNb=1
SH.GPXTI4.0=GPIO_EXTI4
SH.GPXTI4.ConfNb=1
SH.S_TIM1_CH1.0=TIM1_CH1,PWM Generation1 CH1
SH.S_TIM1_CH1.ConfNb=1
SH.S_TIM1_CH2.0=TIM1_CH2,PWM Generation2 CH2
SH.S_TIM1_CH2.ConfNb=1
SH.S_TIM1_CH3.0=TIM1_CH3,PWM Generation3 CH3
SH.S_TIM1_CH3.ConfNb=1
TIM1.AutoReloadPreload=TIM_AUTORELOAD_PRELOAD_ENABLE
TIM1.Channel-PWM\ Generation1\ CH1=TIM_CHANNEL_1
TIM1.Channel-PWM\ Generation2\ CH2=TIM_CHANNEL_2
TIM1.Channel-PWM\ Generation3\ CH3=TIM_CHANNEL_3
TIM1.IPParameters=Channel-PWM Generation1 CH1,Channel-PWM Generation3 CH3,Channel-PWM Generation2 CH2,Period,AutoReloadPreload,Prescaler,Pulse-PWM Generation1 CH1,OCFastMode_PWM-PWM Generation1 CH1,Pulse-PWM Generation2 CH2,OCFastMode_PWM-PWM Generation2 CH2,Pulse-PWM Generation3 CH3,OCFastMode_PWM-PWM Generation3 CH3
TIM1.OCFastMode_PWM-PWM\ Generation1\ CH1=TIM_OCFAST_ENABLE
TIM1.OCFastMode_PWM-PWM\ Generation2\ CH2=TIM_OCFAST_ENABLE
TIM1.OCFastMode_PWM-PWM\ Generation3\ CH3=TIM_OCFAST_ENABLE
TIM1.Period=100-1
TIM1.Prescaler=84-1
TIM1.Pulse-PWM\ Generation1\ CH1=10
TIM1.Pulse-PWM\ Generation2\ CH2=10
TIM1.Pulse-PWM\ Generation3\ CH3=10
TIM5.IPParameters=Prescaler
TIM5.Prescaler=84-1
USART1.IPParameters=VirtualMode
USART1.VirtualMode=VM_ASYNC
VP_FREERTOS_VS_CMSIS_V2.Mode=CMSIS_V2
VP_FREERTOS_VS_CMSIS_V2.Signal=FREERTOS_VS_CMSIS_V2
VP_SYS_VS_tim4.Mode=TIM4
VP_SYS_VS_tim4.Signal=SYS_VS_tim4
VP_TIM1_VS_ClockSourceINT.Mode=Internal
VP_TIM1_VS_ClockSourceINT.Signal=TIM1_VS_ClockSourceINT
VP_TIM5_VS_ClockSourceINT.Mode=Internal
VP_TIM5_VS_ClockSourceINT.Signal=TIM5_VS_ClockSourceINT
board=custom
rtos.0.ip=FREERTOS
